lockfileVersion: '6.0'

settings:
  autoInstallPeers: true
  excludeLinksFromLockfile: false

dependencies:
  '@adonisjs/config':
    specifier: ^5.0.1
    version: 5.0.1
  '@adonisjs/env':
    specifier: ^5.0.1
    version: 5.0.1

packages:

  /@adonisjs/config@5.0.1:
    resolution: {integrity: sha512-hyednyDBGsoBthbcf7S8r8M68tS8Y7rnIBPIZKHhQikXOXgf/E9IkQWgWjJR9+ODbaiMY69roJYR5L9dElre7w==}
    engines: {node: '>=18.16.0'}
    dependencies:
      '@poppinss/utils': 6.7.2
    dev: false

  /@adonisjs/env@5.0.1:
    resolution: {integrity: sha512-jka5D+LHjG0Cuy1IpuOv7NfO5Pu4SZ41UzX5csPeXzBIWyuD9as+HphxctHZpsD2KZ97EuSbVJv6zzxJfZ4Edg==}
    engines: {node: '>=18.16.0'}
    dependencies:
      '@poppinss/utils': 6.7.2
      '@poppinss/validator-lite': 1.0.3
      dotenv: 16.4.5
      split-lines: 3.0.0
    dev: false

  /@lukeed/ms@2.0.2:
    resolution: {integrity: sha512-9I2Zn6+NJLfaGoz9jN3lpwDgAYvfGeNYdbAIjJOqzs4Tpc+VU3Jqq4IofSUBKajiDS8k9fZIg18/z13mpk1bsA==}
    engines: {node: '>=8'}
    dev: false

  /@poppinss/utils@6.7.2:
    resolution: {integrity: sha512-C7K0gy7nW0XzlWcuVrSqT1nLQBAddhpgbnvHtYtxFYkS/BdJKzeVz771c80yhLcmrqXoGqZZgjdC7y6Me1L4Tg==}
    engines: {node: '>=18.16.0'}
    dependencies:
      '@lukeed/ms': 2.0.2
      '@types/bytes': 3.1.4
      '@types/pluralize': 0.0.33
      bytes: 3.1.2
      case-anything: 2.1.13
      flattie: 1.1.1
      pluralize: 8.0.0
      safe-stable-stringify: 2.4.3
      secure-json-parse: 2.7.0
      slash: 5.1.0
      slugify: 1.6.6
      truncatise: 0.0.8
    dev: false

  /@poppinss/validator-lite@1.0.3:
    resolution: {integrity: sha512-u4dmT7PDHwNtxY3q1jHVp/u+hMEEcBlkzd37QwwM4tVt/0mLlEDttSfPQ+TT7sqPG4VEtWKwVSlMInwPUYyJpA==}
    dependencies:
      validator: 13.11.0
    dev: false

  /@types/bytes@3.1.4:
    resolution: {integrity: sha512-A0uYgOj3zNc4hNjHc5lYUfJQ/HVyBXiUMKdXd7ysclaE6k9oJdavQzODHuwjpUu2/boCP8afjQYi8z/GtvNCWA==}
    dev: false

  /@types/pluralize@0.0.33:
    resolution: {integrity: sha512-JOqsl+ZoCpP4e8TDke9W79FDcSgPAR0l6pixx2JHkhnRjvShyYiAYw2LVsnA7K08Y6DeOnaU6ujmENO4os/cYg==}
    dev: false

  /bytes@3.1.2:
    resolution: {integrity: sha512-/Nf7TyzTx6S3yRJObOAV7956r8cr2+Oj8AC5dt8wSP3BQAoeX58NoHyCU8P8zGkNXStjTSi6fzO6F0pBdcYbEg==}
    engines: {node: '>= 0.8'}
    dev: false

  /case-anything@2.1.13:
    resolution: {integrity: sha512-zlOQ80VrQ2Ue+ymH5OuM/DlDq64mEm+B9UTdHULv5osUMD6HalNTblf2b1u/m6QecjsnOkBpqVZ+XPwIVsy7Ng==}
    engines: {node: '>=12.13'}
    dev: false

  /dotenv@16.4.5:
    resolution: {integrity: sha512-ZmdL2rui+eB2YwhsWzjInR8LldtZHGDoQ1ugH85ppHKwpUHL7j7rN0Ti9NCnGiQbhaZ11FpR+7ao1dNsmduNUg==}
    engines: {node: '>=12'}
    dev: false

  /flattie@1.1.1:
    resolution: {integrity: sha512-9UbaD6XdAL97+k/n+N7JwX46K/M6Zc6KcFYskrYL8wbBV/Uyk0CTAMY0VT+qiK5PM7AIc9aTWYtq65U7T+aCNQ==}
    engines: {node: '>=8'}
    dev: false

  /pluralize@8.0.0:
    resolution: {integrity: sha512-Nc3IT5yHzflTfbjgqWcCPpo7DaKy4FnpB0l/zCAW0Tc7jxAiuqSxHasntB3D7887LSrA93kDJ9IXovxJYxyLCA==}
    engines: {node: '>=4'}
    dev: false

  /safe-stable-stringify@2.4.3:
    resolution: {integrity: sha512-e2bDA2WJT0wxseVd4lsDP4+3ONX6HpMXQa1ZhFQ7SU+GjvORCmShbCMltrtIDfkYhVHrOcPtj+KhmDBdPdZD1g==}
    engines: {node: '>=10'}
    dev: false

  /secure-json-parse@2.7.0:
    resolution: {integrity: sha512-6aU+Rwsezw7VR8/nyvKTx8QpWH9FrcYiXXlqC4z5d5XQBDRqtbfsRjnwGyqbi3gddNtWHuEk9OANUotL26qKUw==}
    dev: false

  /slash@5.1.0:
    resolution: {integrity: sha512-ZA6oR3T/pEyuqwMgAKT0/hAv8oAXckzbkmR0UkUosQ+Mc4RxGoJkRmwHgHufaenlyAgE1Mxgpdcrf75y6XcnDg==}
    engines: {node: '>=14.16'}
    dev: false

  /slugify@1.6.6:
    resolution: {integrity: sha512-h+z7HKHYXj6wJU+AnS/+IH8Uh9fdcX1Lrhg1/VMdf9PwoBQXFcXiAdsy2tSK0P6gKwJLXp02r90ahUCqHk9rrw==}
    engines: {node: '>=8.0.0'}
    dev: false

  /split-lines@3.0.0:
    resolution: {integrity: sha512-d0TpRBL/VfKDXsk8JxPF7zgF5pCUDdBMSlEL36xBgVeaX448t+yGXcJaikUyzkoKOJ0l6KpMfygzJU9naIuivw==}
    engines: {node: '>=12'}
    dev: false

  /truncatise@0.0.8:
    resolution: {integrity: sha512-cXzueh9pzBCsLzhToB4X4gZCb3KYkrsAcBAX97JnazE74HOl3cpBJYEV7nabHeG/6/WXCU5Yujlde/WPBUwnsg==}
    dev: false

  /validator@13.11.0:
    resolution: {integrity: sha512-Ii+sehpSfZy+At5nPdnyMhx78fEoPDkR2XW/zimHEL3MyGJQOCQ7WeP20jPYRz7ZCpcKLB21NxuXHF3bxjStBQ==}
    engines: {node: '>= 0.10'}
    dev: false
